<?xml version="1.0" encoding="utf-8"?>
<Project ToolsVersion="4.0" xmlns="http://schemas.microsoft.com/developer/msbuild/2003">
  <ItemGroup>
    <Filter Include="Source Files">
      <UniqueIdentifier>{4FC737F1-C7A5-4376-A066-2A32D752A2FF}</UniqueIdentifier>
      <Extensions>cpp;c;cc;cxx;c++;cppm;ixx;def;odl;idl;hpj;bat;asm;asmx</Extensions>
    </Filter>
    <Filter Include="Header Files">
      <UniqueIdentifier>{93995380-89BD-4b04-88EB-625FBE52EBFB}</UniqueIdentifier>
      <Extensions>h;hh;hpp;hxx;h++;hm;inl;inc;ipp;xsd</Extensions>
    </Filter>
    <Filter Include="Resource Files">
      <UniqueIdentifier>{67DA6AB6-F800-4c08-8B7A-83BB121AAD01}</UniqueIdentifier>
      <Extensions>rc;ico;cur;bmp;dlg;rc2;rct;bin;rgs;gif;jpg;jpeg;jpe;resx;tiff;tif;png;wav;mfcribbon-ms</Extensions>
    </Filter>
  </ItemGroup>
  <ItemGroup>
    <ClInclude Include="Cheat.hpp">
      <Filter>Header Files</Filter>
    </ClInclude>
    <ClInclude Include="Backend\Backend.hpp">
      <Filter>Header Files</Filter>
    </ClInclude>
    <ClInclude Include="Game\Data\Indexes.hpp">
      <Filter>Header Files</Filter>
    </ClInclude>
    <ClInclude Include="Game\Data\Lists.hpp">
      <Filter>Header Files</Filter>
    </ClInclude>
    <ClInclude Include="Game\Data\Patterns.hpp">
      <Filter>Header Files</Filter>
    </ClInclude>
    <ClInclude Include="Game\Data\Structs.hpp">
      <Filter>Header Files</Filter>
    </ClInclude>
    <ClInclude Include="Game\Functions\Functions.hpp">
      <Filter>Header Files</Filter>
    </ClInclude>
    <ClInclude Include="Game\Pointers\Pointers.hpp">
      <Filter>Header Files</Filter>
    </ClInclude>
    <ClInclude Include="Menu\Font\Byte.hpp">
      <Filter>Header Files</Filter>
    </ClInclude>
    <ClInclude Include="Menu\Font\FontAwesome.hpp">
      <Filter>Header Files</Filter>
    </ClInclude>
    <ClInclude Include="Menu\Menu.hpp">
      <Filter>Header Files</Filter>
    </ClInclude>
    <ClInclude Include="Menu\Snowflake.hpp">
      <Filter>Header Files</Filter>
    </ClInclude>
    <ClInclude Include="Utils\Hooks.hpp">
      <Filter>Header Files</Filter>
    </ClInclude>
    <ClInclude Include="Utils\Utils.hpp">
      <Filter>Header Files</Filter>
    </ClInclude>
    <ClInclude Include="Utils\Il2CppHelper.hpp">
      <Filter>Header Files</Filter>
    </ClInclude>
    <ClInclude Include="Game\Websocket\WSHelpers.hpp">
      <Filter>Header Files</Filter>
    </ClInclude>
    <ClInclude Include="Variables\Variables.hpp">
      <Filter>Header Files</Filter>
    </ClInclude>
    <ClInclude Include="Game\Websocket\Commands.hpp">
      <Filter>Header Files</Filter>
    </ClInclude>
    <ClInclude Include="Game\Data\Enums.hpp">
      <Filter>Header Files</Filter>
    </ClInclude>
    <ClInclude Include="Game\Global.hpp">
      <Filter>Header Files</Filter>
    </ClInclude>
    <ClInclude Include="Game\WebSocket.hpp">
      <Filter>Header Files</Filter>
    </ClInclude>
    <ClInclude Include="Game\Pointers\PointerWrapper.hpp">
      <Filter>Header Files</Filter>
    </ClInclude>
    <ClInclude Include="Game\Gameplay.hpp">
      <Filter>Header Files</Filter>
    </ClInclude>
    <ClInclude Include="Game\Data\AdderLists.hpp">
      <Filter>Header Files</Filter>
    </ClInclude>
    <ClInclude Include="Game\Data\OfferItemDumper.hpp">
      <Filter>Header Files</Filter>
    </ClInclude>
    <ClInclude Include="Game\Data\SlotsHelper.hpp">
      <Filter>Header Files</Filter>
    </ClInclude>
    <ClInclude Include="Menu\NovaWidgets.hpp">
      <Filter>Header Files</Filter>
    </ClInclude>
    <ClInclude Include="Game\Extras.hpp">
      <Filter>Header Files</Filter>
    </ClInclude>
    <ClInclude Include="Game\Login.hpp">
      <Filter>Header Files</Filter>
    </ClInclude>
  </ItemGroup>
  <ItemGroup>
    <ClCompile Include="Cheat.cpp">
      <Filter>Source Files</Filter>
    </ClCompile>
    <ClCompile Include="DllMain.cpp">
      <Filter>Source Files</Filter>
    </ClCompile>
    <ClCompile Include="Backend\Backend.cpp">
      <Filter>Source Files</Filter>
    </ClCompile>
    <ClCompile Include="Game\Websocket\WSHelpers.cpp">
      <Filter>Source Files</Filter>
    </ClCompile>
    <ClCompile Include="Variables\Variables.cpp">
      <Filter>Source Files</Filter>
    </ClCompile>
    <ClCompile Include="Game\Websocket\Commands.cpp">
      <Filter>Source Files</Filter>
    </ClCompile>
    <ClCompile Include="Game\Data\Lists.cpp">
      <Filter>Source Files</Filter>
    </ClCompile>
    <ClCompile Include="Game\Global.cpp">
      <Filter>Source Files</Filter>
    </ClCompile>
    <ClCompile Include="Utils\Hooks.cpp">
      <Filter>Source Files</Filter>
    </ClCompile>
    <ClCompile Include="Game\WebSocket.cpp">
      <Filter>Source Files</Filter>
    </ClCompile>
    <ClCompile Include="Utils\Il2CppHelper.cpp">
      <Filter>Source Files</Filter>
    </ClCompile>
    <ClCompile Include="Utils\Utils.cpp">
      <Filter>Source Files</Filter>
    </ClCompile>
    <ClCompile Include="Game\Pointers\Pointers.cpp">
      <Filter>Source Files</Filter>
    </ClCompile>
    <ClCompile Include="Game\Pointers\PointerWrapper.cpp">
      <Filter>Source Files</Filter>
    </ClCompile>
    <ClCompile Include="Game\Data\Patterns.cpp">
      <Filter>Source Files</Filter>
    </ClCompile>
    <ClCompile Include="Game\Gameplay.cpp">
      <Filter>Source Files</Filter>
    </ClCompile>
    <ClCompile Include="Game\Data\AdderLists.cpp">
      <Filter>Source Files</Filter>
    </ClCompile>
    <ClCompile Include="Game\Data\OfferItemDumper.cpp">
      <Filter>Source Files</Filter>
    </ClCompile>
    <ClCompile Include="Game\Data\SlotsHelper.cpp">
      <Filter>Source Files</Filter>
    </ClCompile>
    <ClCompile Include="Game\Extras.cpp">
      <Filter>Source Files</Filter>
    </ClCompile>
    <ClCompile Include="Game\Login.cpp">
      <Filter>Source Files</Filter>
    </ClCompile>
  </ItemGroup>
</Project>